// !$*UTF8*$!
{
	archiveVersion = 1;
	classes = {
	};
	objectVersion = 56;
	objects = {

/* Begin PBXBuildFile section */
		79D152E82C97FE1E00F99DFC /* AppDelegate.swift in Sources */ = {isa = PBXBuildFile; fileRef = 79D152E72C97FE1E00F99DFC /* AppDelegate.swift */; };
		79D152EA2C97FE1E00F99DFC /* SceneDelegate.swift in Sources */ = {isa = PBXBuildFile; fileRef = 79D152E92C97FE1E00F99DFC /* SceneDelegate.swift */; };
		79D152EC2C97FE1E00F99DFC /* ViewController.swift in Sources */ = {isa = PBXBuildFile; fileRef = 79D152EB2C97FE1E00F99DFC /* ViewController.swift */; };
		79D152EF2C97FE1E00F99DFC /* Base in Resources */ = {isa = PBXBuildFile; fileRef = 79D152EE2C97FE1E00F99DFC /* Base */; };
		79D152F12C97FE1F00F99DFC /* Assets.xcassets in Resources */ = {isa = PBXBuildFile; fileRef = 79D152F02C97FE1F00F99DFC /* Assets.xcassets */; };
		79D152F42C97FE1F00F99DFC /* Base in Resources */ = {isa = PBXBuildFile; fileRef = 79D152F32C97FE1F00F99DFC /* Base */; };
		79D153012C97FF5500F99DFC /* nssl0001.jpg in Resources */ = {isa = PBXBuildFile; fileRef = 79D152FB2C97FF5500F99DFC /* nssl0001.jpg */; };
		79D153022C97FF5500F99DFC /* nssl0002.jpg in Resources */ = {isa = PBXBuildFile; fileRef = 79D152FC2C97FF5500F99DFC /* nssl0002.jpg */; };
		79D153032C97FF5500F99DFC /* nssl0003.jpg in Resources */ = {isa = PBXBuildFile; fileRef = 79D152FD2C97FF5500F99DFC /* nssl0003.jpg */; };
		79D153042C97FF5500F99DFC /* nssl0004.jpg in Resources */ = {isa = PBXBuildFile; fileRef = 79D152FE2C97FF5500F99DFC /* nssl0004.jpg */; };
		79D153052C97FF5500F99DFC /* nssl0005.jpg in Resources */ = {isa = PBXBuildFile; fileRef = 79D152FF2C97FF5500F99DFC /* nssl0005.jpg */; };
		79D153072C9808D900F99DFC /* DetailViewController.swift in Sources */ = {isa = PBXBuildFile; fileRef = 79D153062C9808D900F99DFC /* DetailViewController.swift */; };
/* End PBXBuildFile section */

/* Begin PBXFileReference section */
		79D152E42C97FE1E00F99DFC /* Project1.app */ = {isa = PBXFileReference; explicitFileType = wrapper.application; includeInIndex = 0; path = Project1.app; sourceTree = BUILT_PRODUCTS_DIR; };
		79D152E72C97FE1E00F99DFC /* AppDelegate.swift */ = {isa = PBXFileReference; lastKnownFileType = sourcecode.swift; path = AppDelegate.swift; sourceTree = "<group>"; };
		79D152E92C97FE1E00F99DFC /* SceneDelegate.swift */ = {isa = PBXFileReference; lastKnownFileType = sourcecode.swift; path = SceneDelegate.swift; sourceTree = "<group>"; };
		79D152EB2C97FE1E00F99DFC /* ViewController.swift */ = {isa = PBXFileReference; lastKnownFileType = sourcecode.swift; path = ViewController.swift; sourceTree = "<group>"; };
		79D152EE2C97FE1E00F99DFC /* Base */ = {isa = PBXFileReference; lastKnownFileType = file.storyboard; name = Base; path = Base.lproj/Main.storyboard; sourceTree = "<group>"; };
		79D152F02C97FE1F00F99DFC /* Assets.xcassets */ = {isa = PBXFileReference; lastKnownFileType = folder.assetcatalog; path = Assets.xcassets; sourceTree = "<group>"; };
		79D152F32C97FE1F00F99DFC /* Base */ = {isa = PBXFileReference; lastKnownFileType = file.storyboard; name = Base; path = Base.lproj/LaunchScreen.storyboard; sourceTree = "<group>"; };
		79D152F52C97FE1F00F99DFC /* Info.plist */ = {isa = PBXFileReference; lastKnownFileType = text.plist.xml; path = Info.plist; sourceTree = "<group>"; };
		79D152FB2C97FF5500F99DFC /* nssl0001.jpg */ = {isa = PBXFileReference; lastKnownFileType = image.jpeg; path = nssl0001.jpg; sourceTree = "<group>"; };
		79D152FC2C97FF5500F99DFC /* nssl0002.jpg */ = {isa = PBXFileReference; lastKnownFileType = image.jpeg; path = nssl0002.jpg; sourceTree = "<group>"; };
		79D152FD2C97FF5500F99DFC /* nssl0003.jpg */ = {isa = PBXFileReference; lastKnownFileType = image.jpeg; path = nssl0003.jpg; sourceTree = "<group>"; };
		79D152FE2C97FF5500F99DFC /* nssl0004.jpg */ = {isa = PBXFileReference; lastKnownFileType = image.jpeg; path = nssl0004.jpg; sourceTree = "<group>"; };
		79D152FF2C97FF5500F99DFC /* nssl0005.jpg */ = {isa = PBXFileReference; lastKnownFileType = image.jpeg; path = nssl0005.jpg; sourceTree = "<group>"; };
		79D153062C9808D900F99DFC /* DetailViewController.swift */ = {isa = PBXFileReference; lastKnownFileType = sourcecode.swift; path = DetailViewController.swift; sourceTree = "<group>"; };
/* End PBXFileReference section */

/* Begin PBXFrameworksBuildPhase section */
		79D152E12C97FE1E00F99DFC /* Frameworks */ = {
			isa = PBXFrameworksBuildPhase;
			buildActionMask = 2147483647;
			files = (
			);
			runOnlyForDeploymentPostprocessing = 0;
		};
/* End PBXFrameworksBuildPhase section */

/* Begin PBXGroup section */
		79D152DB2C97FE1E00F99DFC = {
			isa = PBXGroup;
			children = (
				79D152E62C97FE1E00F99DFC /* Project1 */,
				79D152E52C97FE1E00F99DFC /* Products */,
			);
			sourceTree = "<group>";
		};
		79D152E52C97FE1E00F99DFC /* Products */ = {
			isa = PBXGroup;
			children = (
				79D152E42C97FE1E00F99DFC /* Project1.app */,
			);
			name = Products;
			sourceTree = "<group>";
		};
		79D152E62C97FE1E00F99DFC /* Project1 */ = {
			isa = PBXGroup;
			children = (
				79D152E72C97FE1E00F99DFC /* AppDelegate.swift */,
				79D152E92C97FE1E00F99DFC /* SceneDelegate.swift */,
				79D152EB2C97FE1E00F99DFC /* ViewController.swift */,
				79D153062C9808D900F99DFC /* DetailViewController.swift */,
				79D152ED2C97FE1E00F99DFC /* Main.storyboard */,
				79D152F02C97FE1F00F99DFC /* Assets.xcassets */,
				79D152F22C97FE1F00F99DFC /* LaunchScreen.storyboard */,
				79D153002C97FF5500F99DFC /* Content */,
				79D152F52C97FE1F00F99DFC /* Info.plist */,
			);
			path = Project1;
			sourceTree = "<group>";
		};
		79D153002C97FF5500F99DFC /* Content */ = {
			isa = PBXGroup;
			children = (
				79D152FB2C97FF5500F99DFC /* nssl0001.jpg */,
				79D152FC2C97FF5500F99DFC /* nssl0002.jpg */,
				79D152FD2C97FF5500F99DFC /* nssl0003.jpg */,
				79D152FE2C97FF5500F99DFC /* nssl0004.jpg */,
				79D152FF2C97FF5500F99DFC /* nssl0005.jpg */,
			);
			path = Content;
			sourceTree = "<group>";
		};
/* End PBXGroup section */

/* Begin PBXNativeTarget section */
		79D152E32C97FE1E00F99DFC /* Project1 */ = {
			isa = PBXNativeTarget;
			buildConfigurationList = 79D152F82C97FE1F00F99DFC /* Build configuration list for PBXNativeTarget "Project1" */;
			buildPhases = (
				79D152E02C97FE1E00F99DFC /* Sources */,
				79D152E12C97FE1E00F99DFC /* Frameworks */,
				79D152E22C97FE1E00F99DFC /* Resources */,
			);
			buildRules = (
			);
			dependencies = (
			);
			name = Project1;
			productName = Project1;
			productReference = 79D152E42C97FE1E00F99DFC /* Project1.app */;
			productType = "com.apple.product-type.application";
		};
/* End PBXNativeTarget section */

/* Begin PBXProject section */
		79D152DC2C97FE1E00F99DFC /* Project object */ = {
			isa = PBXProject;
			attributes = {
				BuildIndependentTargetsInParallel = 1;
				LastSwiftUpdateCheck = 1540;
				LastUpgradeCheck = 1540;
				TargetAttributes = {
					79D152E32C97FE1E00F99DFC = {
						CreatedOnToolsVersion = 15.4;
					};
				};
			};
			buildConfigurationList = 79D152DF2C97FE1E00F99DFC /* Build configuration list for PBXProject "Project1" */;
			compatibilityVersion = "Xcode 14.0";
			developmentRegion = en;
			hasScannedForEncodings = 0;
			knownRegions = (
				en,
				Base,
			);
			mainGroup = 79D152DB2C97FE1E00F99DFC;
			productRefGroup = 79D152E52C97FE1E00F99DFC /* Products */;
			projectDirPath = "";
			projectRoot = "";
			targets = (
				79D152E32C97FE1E00F99DFC /* Project1 */,
			);
		};
/* End PBXProject section */

/* Begin PBXResourcesBuildPhase section */
		79D152E22C97FE1E00F99DFC /* Resources */ = {
			isa = PBXResourcesBuildPhase;
			buildActionMask = 2147483647;
			files = (
				79D153052C97FF5500F99DFC /* nssl0005.jpg in Resources */,
				79D153022C97FF5500F99DFC /* nssl0002.jpg in Resources */,
				79D153012C97FF5500F99DFC /* nssl0001.jpg in Resources */,
				79D152F12C97FE1F00F99DFC /* Assets.xcassets in Resources */,
				79D152F42C97FE1F00F99DFC /* Base in Resources */,
				79D153032C97FF5500F99DFC /* nssl0003.jpg in Resources */,
				79D153042C97FF5500F99DFC /* nssl0004.jpg in Resources */,
				79D152EF2C97FE1E00F99DFC /* Base in Resources */,
			);
			runOnlyForDeploymentPostprocessing = 0;
		};
/* End PBXResourcesBuildPhase section */

/* Begin PBXSourcesBuildPhase section */
		79D152E02C97FE1E00F99DFC /* Sources */ = {
			isa = PBXSourcesBuildPhase;
			buildActionMask = 2147483647;
			files = (
				79D152EC2C97FE1E00F99DFC /* ViewController.swift in Sources */,
				79D152E82C97FE1E00F99DFC /* AppDelegate.swift in Sources */,
				79D152EA2C97FE1E00F99DFC /* SceneDelegate.swift in Sources */,
				79D153072C9808D900F99DFC /* DetailViewController.swift in Sources */,
			);
			runOnlyForDeploymentPostprocessing = 0;
		};
/* End PBXSourcesBuildPhase section */

/* Begin PBXVariantGroup section */
		79D152ED2C97FE1E00F99DFC /* Main.storyboard */ = {
			isa = PBXVariantGroup;
			children = (
				79D152EE2C97FE1E00F99DFC /* Base */,
			);
			name = Main.storyboard;
			sourceTree = "<group>";
		};
		79D152F22C97FE1F00F99DFC /* LaunchScreen.storyboard */ = {
			isa = PBXVariantGroup;
			children = (
				79D152F32C97FE1F00F99DFC /* Base */,
			);
			name = LaunchScreen.storyboard;
			sourceTree = "<group>";
		};
/* End PBXVariantGroup section */

/* Begin XCBuildConfiguration section */
		79D152F62C97FE1F00F99DFC /* Debug */ = {
			isa = XCBuildConfiguration;
			buildSettings = {
				ALWAYS_SEARCH_USER_PATHS = NO;
				ASSETCATALOG_COMPILER_GENERATE_SWIFT_ASSET_SYMBOL_EXTENSIONS = YES;
				CLANG_ANALYZER_NONNULL = YES;
				CLANG_ANALYZER_NUMBER_OBJECT_CONVERSION = YES_AGGRESSIVE;
				CLANG_CXX_LANGUAGE_STANDARD = "gnu++20";
				CLANG_ENABLE_MODULES = YES;
				CLANG_ENABLE_OBJC_ARC = YES;
				CLANG_ENABLE_OBJC_WEAK = YES;
				CLANG_WARN_BLOCK_CAPTURE_AUTORELEASING = YES;
				CLANG_WARN_BOOL_CONVERSION = YES;
				CLANG_WARN_COMMA = YES;
				CLANG_WARN_CONSTANT_CONVERSION = YES;
				CLANG_WARN_DEPRECATED_OBJC_IMPLEMENTATIONS = YES;
				CLANG_WARN_DIRECT_OBJC_ISA_USAGE = YES_ERROR;
				CLANG_WARN_DOCUMENTATION_COMMENTS = YES;
				CLANG_WARN_EMPTY_BODY = YES;
				CLANG_WARN_ENUM_CONVERSION = YES;
				CLANG_WARN_INFINITE_RECURSION = YES;
				CLANG_WARN_INT_CONVERSION = YES;
				CLANG_WARN_NON_LITERAL_NULL_CONVERSION = YES;
				CLANG_WARN_OBJC_IMPLICIT_RETAIN_SELF = YES;
				CLANG_WARN_OBJC_LITERAL_CONVERSION = YES;
				CLANG_WARN_OBJC_ROOT_CLASS = YES_ERROR;
				CLANG_WARN_QUOTED_INCLUDE_IN_FRAMEWORK_HEADER = YES;
				CLANG_WARN_RANGE_LOOP_ANALYSIS = YES;
				CLANG_WARN_STRICT_PROTOTYPES = YES;
				CLANG_WARN_SUSPICIOUS_MOVE = YES;
				CLANG_WARN_UNGUARDED_AVAILABILITY = YES_AGGRESSIVE;
				CLANG_WARN_UNREACHABLE_CODE = YES;
				CLANG_WARN__DUPLICATE_METHOD_MATCH = YES;
				COPY_PHASE_STRIP = NO;
				DEBUG_INFORMATION_FORMAT = dwarf;
				ENABLE_STRICT_OBJC_MSGSEND = YES;
				ENABLE_TESTABILITY = YES;
				ENABLE_USER_SCRIPT_SANDBOXING = YES;
				GCC_C_LANGUAGE_STANDARD = gnu17;
				GCC_DYNAMIC_NO_PIC = NO;
				GCC_NO_COMMON_BLOCKS = YES;
				GCC_OPTIMIZATION_LEVEL = 0;
				GCC_PREPROCESSOR_DEFINITIONS = (
					"DEBUG=1",
					"$(inherited)",
				);
				GCC_WARN_64_TO_32_BIT_CONVERSION = YES;
				GCC_WARN_ABOUT_RETURN_TYPE = YES_ERROR;
				GCC_WARN_UNDECLARED_SELECTOR = YES;
				GCC_WARN_UNINITIALIZED_AUTOS = YES_AGGRESSIVE;
				GCC_WARN_UNUSED_FUNCTION = YES;
				GCC_WARN_UNUSED_VARIABLE = YES;
				IPHONEOS_DEPLOYMENT_TARGET = 17.5;
				LOCALIZATION_PREFERS_STRING_CATALOGS = YES;
				MTL_ENABLE_DEBUG_INFO = INCLUDE_SOURCE;
				MTL_FAST_MATH = YES;
				ONLY_ACTIVE_ARCH = YES;
				SDKROOT = iphoneos;
				SWIFT_ACTIVE_COMPILATION_CONDITIONS = "DEBUG $(inherited)";
				SWIFT_OPTIMIZATION_LEVEL = "-Onone";
			};
			name = Debug;
		};
		79D152F72C97FE1F00F99DFC /* Release */ = {
			isa = XCBuildConfiguration;
			buildSettings = {
				ALWAYS_SEARCH_USER_PATHS = NO;
				ASSETCATALOG_COMPILER_GENERATE_SWIFT_ASSET_SYMBOL_EXTENSIONS = YES;
				CLANG_ANALYZER_NONNULL = YES;
				CLANG_ANALYZER_NUMBER_OBJECT_CONVERSION = YES_AGGRESSIVE;
				CLANG_CXX_LANGUAGE_STANDARD = "gnu++20";
				CLANG_ENABLE_MODULES = YES;
				CLANG_ENABLE_OBJC_ARC = YES;
				CLANG_ENABLE_OBJC_WEAK = YES;
				CLANG_WARN_BLOCK_CAPTURE_AUTORELEASING = YES;
				CLANG_WARN_BOOL_CONVERSION = YES;
				CLANG_WARN_COMMA = YES;
				CLANG_WARN_CONSTANT_CONVERSION = YES;
				CLANG_WARN_DEPRECATED_OBJC_IMPLEMENTATIONS = YES;
				CLANG_WARN_DIRECT_OBJC_ISA_USAGE = YES_ERROR;
				CLANG_WARN_DOCUMENTATION_COMMENTS = YES;
				CLANG_WARN_EMPTY_BODY = YES;
				CLANG_WARN_ENUM_CONVERSION = YES;
				CLANG_WARN_INFINITE_RECURSION = YES;
				CLANG_WARN_INT_CONVERSION = YES;
				CLANG_WARN_NON_LITERAL_NULL_CONVERSION = YES;
				CLANG_WARN_OBJC_IMPLICIT_RETAIN_SELF = YES;
				CLANG_WARN_OBJC_LITERAL_CONVERSION = YES;
				CLANG_WARN_OBJC_ROOT_CLASS = YES_ERROR;
				CLANG_WARN_QUOTED_INCLUDE_IN_FRAMEWORK_HEADER = YES;
				CLANG_WARN_RANGE_LOOP_ANALYSIS = YES;
				CLANG_WARN_STRICT_PROTOTYPES = YES;
				CLANG_WARN_SUSPICIOUS_MOVE = YES;
				CLANG_WARN_UNGUARDED_AVAILABILITY = YES_AGGRESSIVE;
				CLANG_WARN_UNREACHABLE_CODE = YES;
				CLANG_WARN__DUPLICATE_METHOD_MATCH = YES;
				COPY_PHASE_STRIP = NO;
				DEBUG_INFORMATION_FORMAT = "dwarf-with-dsym";
				ENABLE_NS_ASSERTIONS = NO;
				ENABLE_STRICT_OBJC_MSGSEND = YES;
				ENABLE_USER_SCRIPT_SANDBOXING = YES;
				GCC_C_LANGUAGE_STANDARD = gnu17;
				GCC_NO_COMMON_BLOCKS = YES;
				GCC_WARN_64_TO_32_BIT_CONVERSION = YES;
				GCC_WARN_ABOUT_RETURN_TYPE = YES_ERROR;
				GCC_WARN_UNDECLARED_SELECTOR = YES;
				GCC_WARN_UNINITIALIZED_AUTOS = YES_AGGRESSIVE;
				GCC_WARN_UNUSED_FUNCTION = YES;
				GCC_WARN_UNUSED_VARIABLE = YES;
				IPHONEOS_DEPLOYMENT_TARGET = 17.5;
				LOCALIZATION_PREFERS_STRING_CATALOGS = YES;
				MTL_ENABLE_DEBUG_INFO = NO;
				MTL_FAST_MATH = YES;
				SDKROOT = iphoneos;
				SWIFT_COMPILATION_MODE = wholemodule;
				VALIDATE_PRODUCT = YES;
			};
			name = Release;
		};
		79D152F92C97FE1F00F99DFC /* Debug */ = {
			isa = XCBuildConfiguration;
			buildSettings = {
				ASSETCATALOG_COMPILER_APPICON_NAME = AppIcon;
				ASSETCATALOG_COMPILER_GLOBAL_ACCENT_COLOR_NAME = AccentColor;
				CODE_SIGN_STYLE = Automatic;
				CURRENT_PROJECT_VERSION = 1;
				GENERATE_INFOPLIST_FILE = YES;
				INFOPLIST_FILE = Project1/Info.plist;
				INFOPLIST_KEY_UIApplicationSupportsIndirectInputEvents = YES;
				INFOPLIST_KEY_UILaunchStoryboardName = LaunchScreen;
				INFOPLIST_KEY_UIMainStoryboardFile = Main;
				INFOPLIST_KEY_UISupportedInterfaceOrientations_iPad = "UIInterfaceOrientationPortrait UIInterfaceOrientationPortraitUpsideDown UIInterfaceOrientationLandscapeLeft UIInterfaceOrientationLandscapeRight";
				INFOPLIST_KEY_UISupportedInterfaceOrientations_iPhone = "UIInterfaceOrientationPortrait UIInterfaceOrientationLandscapeLeft UIInterfaceOrientationLandscapeRight";
				LD_RUNPATH_SEARCH_PATHS = (
					"$(inherited)",
					"@executable_path/Frameworks",
				);
				MARKETING_VERSION = 1.0;
				PRODUCT_BUNDLE_IDENTIFIER = com.example.Project1;
				PRODUCT_NAME = "$(TARGET_NAME)";
				SWIFT_EMIT_LOC_STRINGS = YES;
				SWIFT_VERSION = 5.0;
				TARGETED_DEVICE_FAMILY = "1,2";
			};
			name = Debug;
		};
		79D152FA2C97FE1F00F99DFC /* Release */ = {
			isa = XCBuildConfiguration;
			buildSettings = {
				ASSETCATALOG_COMPILER_APPICON_NAME = AppIcon;
				ASSETCATALOG_COMPILER_GLOBAL_ACCENT_COLOR_NAME = AccentColor;
				CODE_SIGN_STYLE = Automatic;
				CURRENT_PROJECT_VERSION = 1;
				GENERATE_INFOPLIST_FILE = YES;
				INFOPLIST_FILE = Project1/Info.plist;
				INFOPLIST_KEY_UIApplicationSupportsIndirectInputEvents = YES;
				INFOPLIST_KEY_UILaunchStoryboardName = LaunchScreen;
				INFOPLIST_KEY_UIMainStoryboardFile = Main;
				INFOPLIST_KEY_UISupportedInterfaceOrientations_iPad = "UIInterfaceOrientationPortrait UIInterfaceOrientationPortraitUpsideDown UIInterfaceOrientationLandscapeLeft UIInterfaceOrientationLandscapeRight";
				INFOPLIST_KEY_UISupportedInterfaceOrientations_iPhone = "UIInterfaceOrientationPortrait UIInterfaceOrientationLandscapeLeft UIInterfaceOrientationLandscapeRight";
				LD_RUNPATH_SEARCH_PATHS = (
					"$(inherited)",
					"@executable_path/Frameworks",
				);
				MARKETING_VERSION = 1.0;
				PRODUCT_BUNDLE_IDENTIFIER = com.example.Project1;
				PRODUCT_NAME = "$(TARGET_NAME)";
				SWIFT_EMIT_LOC_STRINGS = YES;
				SWIFT_VERSION = 5.0;
				TARGETED_DEVICE_FAMILY = "1,2";
			};
			name = Release;
		};
/* End XCBuildConfiguration section */

/* Begin XCConfigurationList section */
		79D152DF2C97FE1E00F99DFC /* Build configuration list for PBXProject "Project1" */ = {
			isa = XCConfigurationList;
			buildConfigurations = (
				79D152F62C97FE1F00F99DFC /* Debug */,
				79D152F72C97FE1F00F99DFC /* Release */,
			);
			defaultConfigurationIsVisible = 0;
			defaultConfigurationName = Release;
		};
		79D152F82C97FE1F00F99DFC /* Build configuration list for PBXNativeTarget "Project1" */ = {
			isa = XCConfigurationList;
			buildConfigurations = (
				79D152F92C97FE1F00F99DFC /* Debug */,
				79D152FA2C97FE1F00F99DFC /* Release */,
			);
			defaultConfigurationIsVisible = 0;
			defaultConfigurationName = Release;
		};
/* End XCConfigurationList section */
	};
	rootObject = 79D152DC2C97FE1E00F99DFC /* Project object */;
}
